
Microsoft Visual Studio Solution File, Format Version 12.00
# Visual Studio Version 17
VisualStudioVersion = 17.10.35122.118
MinimumVisualStudioVersion = 10.0.40219.1
Project("{9A19103F-16F7-4668-BE54-9A1E7A4F7556}") = "AirlineTicketSalesSystem.ConsoleApp", "AirlineTicketSalesSystem.ConsoleApp\AirlineTicketSalesSystem.ConsoleApp.csproj", "{404AA887-A7F2-4153-895F-FEDB8E9AEA60}"
EndProject
Project("{FAE04EC0-301F-11D3-BF4B-00C04F79EFBC}") = "AirlineTicketSalesSystem.Domain", "AirlineTicketSalesSystem.Domain\AirlineTicketSalesSystem.Domain.csproj", "{782A915F-A5ED-4298-A1C8-D3FD01212B2E}"
EndProject
Project("{FAE04EC0-301F-11D3-BF4B-00C04F79EFBC}") = "AirlineTicketSalesSystem.Tests", "AirlineTicketSalesSystem.Tests\AirlineTicketSalesSystem.Tests.csproj", "{DAE19B3D-9B20-4ED5-AAB6-0B145E737605}"
EndProject
Global
	GlobalSection(SolutionConfigurationPlatforms) = preSolution
		Debug|Any CPU = Debug|Any CPU
		Release|Any CPU = Release|Any CPU
	EndGlobalSection
	GlobalSection(ProjectConfigurationPlatforms) = postSolution
		{404AA887-A7F2-4153-895F-FEDB8E9AEA60}.Debug|Any CPU.ActiveCfg = Debug|Any CPU
		{404AA887-A7F2-4153-895F-FEDB8E9AEA60}.Debug|Any CPU.Build.0 = Debug|Any CPU
		{404AA887-A7F2-4153-895F-FEDB8E9AEA60}.Release|Any CPU.ActiveCfg = Release|Any CPU
		{404AA887-A7F2-4153-895F-FEDB8E9AEA60}.Release|Any CPU.Build.0 = Release|Any CPU
		{782A915F-A5ED-4298-A1C8-D3FD01212B2E}.Debug|Any CPU.ActiveCfg = Debug|Any CPU
		{782A915F-A5ED-4298-A1C8-D3FD01212B2E}.Debug|Any CPU.Build.0 = Debug|Any CPU
		{782A915F-A5ED-4298-A1C8-D3FD01212B2E}.Release|Any CPU.ActiveCfg = Release|Any CPU
		{782A915F-A5ED-4298-A1C8-D3FD01212B2E}.Release|Any CPU.Build.0 = Release|Any CPU
		{DAE19B3D-9B20-4ED5-AAB6-0B145E737605}.Debug|Any CPU.ActiveCfg = Debug|Any CPU
		{DAE19B3D-9B20-4ED5-AAB6-0B145E737605}.Debug|Any CPU.Build.0 = Debug|Any CPU
		{DAE19B3D-9B20-4ED5-AAB6-0B145E737605}.Release|Any CPU.ActiveCfg = Release|Any CPU
		{DAE19B3D-9B20-4ED5-AAB6-0B145E737605}.Release|Any CPU.Build.0 = Release|Any CPU
	EndGlobalSection
	GlobalSection(SolutionProperties) = preSolution
		HideSolutionNode = FALSE
	EndGlobalSection
	GlobalSection(ExtensibilityGlobals) = postSolution
		SolutionGuid = {238DD44F-0B3A-4182-ACDB-6E8D20B32EB8}
	EndGlobalSection
EndGlobal
